
Microsoft Visual Studio Solution File, Format Version 12.00
Project("{FAE04EC0-301F-11D3-BF4B-00C04F79EFBC}") = "MRX.Core", "MRX.Core\MRX.Core.csproj", "{4CECD141-6F03-4EDE-90DE-96FA0BB70E69}"
EndProject
Global
	GlobalSection(SolutionConfigurationPlatforms) = preSolution
		Debug|Any CPU = Debug|Any CPU
		Release|Any CPU = Release|Any CPU
	EndGlobalSection
	GlobalSection(ProjectConfigurationPlatforms) = postSolution
		{4CECD141-6F03-4EDE-90DE-96FA0BB70E69}.Debug|Any CPU.ActiveCfg = Debug|Any CPU
		{4CECD141-6F03-4EDE-90DE-96FA0BB70E69}.Debug|Any CPU.Build.0 = Debug|Any CPU
		{4CECD141-6F03-4EDE-90DE-96FA0BB70E69}.Release|Any CPU.ActiveCfg = Release|Any CPU
		{4CECD141-6F03-4EDE-90DE-96FA0BB70E69}.Release|Any CPU.Build.0 = Release|Any CPU
	EndGlobalSection
EndGlobal
